
Microsoft Visual Studio Solution File, Format Version 11.00
# Visual Studio 2010
# SharpDevelop 5.1
Project("{FAE04EC0-301F-11D3-BF4B-00C04F79EFBC}") = "Editor_JSON", "Editor_JSON\Editor_JSON.csproj", "{CC433409-B666-407B-BF51-B4A7913F6EB0}"
EndProject
Global
	GlobalSection(SolutionConfigurationPlatforms) = preSolution
		Debug|Any CPU = Debug|Any CPU
		Release|Any CPU = Release|Any CPU
	EndGlobalSection
	GlobalSection(ProjectConfigurationPlatforms) = postSolution
		{CC433409-B666-407B-BF51-B4A7913F6EB0}.Debug|Any CPU.ActiveCfg = Debug|Any CPU
		{CC433409-B666-407B-BF51-B4A7913F6EB0}.Debug|Any CPU.Build.0 = Debug|Any CPU
		{CC433409-B666-407B-BF51-B4A7913F6EB0}.Release|Any CPU.ActiveCfg = Release|Any CPU
		{CC433409-B666-407B-BF51-B4A7913F6EB0}.Release|Any CPU.Build.0 = Release|Any CPU
	EndGlobalSection
EndGlobal
